# @generated by Move, please check-in and do not edit manually.

[move]
version = 3
manifest_digest = "B47F3A37FCBFC0BC39D5954A5D8F177FF8386D75D0447771B6E5A7F57259B048"
deps_digest = "F8BBB0CCB2491CA29A3DF03D6F92277A4F3574266507ACD77214D37ECA3F3082"
dependencies = [
  { id = "Sui", name = "Sui" },
]

[[move.package]]
id = "MoveStdlib"
source = { git = "https://github.com/MystenLabs/sui.git", rev = "framework/testnet", subdir = "crates/sui-framework/packages/move-stdlib" }

[[move.package]]
id = "Sui"
source = { git = "https://github.com/MystenLabs/sui.git", rev = "framework/testnet", subdir = "crates/sui-framework/packages/sui-framework" }

dependencies = [
  { id = "MoveStdlib", name = "MoveStdlib" },
]

[move.toolchain-version]
compiler-version = "1.51.2"
edition = "2024.beta"
flavor = "sui"

[env]

[env.testnet]
chain-id = "4c78adac"
original-published-id = "0xc70bfc311c8956242fd660cdc85da250e4727bc542809c13f7c39f5bffd82427"
latest-published-id = "0xc70bfc311c8956242fd660cdc85da250e4727bc542809c13f7c39f5bffd82427"
published-version = "1"
